
Microsoft Visual Studio Solution File, Format Version 12.00
# Visual Studio Version 16
VisualStudioVersion = 16.0.29409.12
MinimumVisualStudioVersion = 10.0.40219.1
Project("{FAE04EC0-301F-11D3-BF4B-00C04F79EFBC}") = "BrightEdgeAutomationTool", "BrightEdgeAutomationTool\BrightEdgeAutomationTool.csproj", "{742E2782-FF2A-4372-8A64-AF4C66557BF4}"
EndProject
Global
	GlobalSection(SolutionConfigurationPlatforms) = preSolution
		Debug|Any CPU = Debug|Any CPU
		Release|Any CPU = Release|Any CPU
	EndGlobalSection
	GlobalSection(ProjectConfigurationPlatforms) = postSolution
		{742E2782-FF2A-4372-8A64-AF4C66557BF4}.Debug|Any CPU.ActiveCfg = Debug|Any CPU
		{742E2782-FF2A-4372-8A64-AF4C66557BF4}.Debug|Any CPU.Build.0 = Debug|Any CPU
		{742E2782-FF2A-4372-8A64-AF4C66557BF4}.Release|Any CPU.ActiveCfg = Release|Any CPU
		{742E2782-FF2A-4372-8A64-AF4C66557BF4}.Release|Any CPU.Build.0 = Release|Any CPU
	EndGlobalSection
	GlobalSection(SolutionProperties) = preSolution
		HideSolutionNode = FALSE
	EndGlobalSection
	GlobalSection(ExtensibilityGlobals) = postSolution
		SolutionGuid = {E993C0A7-8F24-4F01-94E9-004B834EC095}
	EndGlobalSection
EndGlobal
